
Microsoft Visual Studio Solution File, Format Version 12.00
# Visual Studio 2012
Project("{FAE04EC0-301F-11D3-BF4B-00C04F79EFBC}") = "WkmUtl", "WkmUtl.csproj", "{58D349D1-CD6B-4ACD-BF12-60E5B7D09A06}"
EndProject
Global
	GlobalSection(SolutionConfigurationPlatforms) = preSolution
		Debug|x86 = Debug|x86
		Release|x86 = Release|x86
	EndGlobalSection
	GlobalSection(ProjectConfigurationPlatforms) = postSolution
		{58D349D1-CD6B-4ACD-BF12-60E5B7D09A06}.Debug|x86.ActiveCfg = Debug|x86
		{58D349D1-CD6B-4ACD-BF12-60E5B7D09A06}.Debug|x86.Build.0 = Debug|x86
		{58D349D1-CD6B-4ACD-BF12-60E5B7D09A06}.Release|x86.ActiveCfg = Release|x86
		{58D349D1-CD6B-4ACD-BF12-60E5B7D09A06}.Release|x86.Build.0 = Release|x86
	EndGlobalSection
	GlobalSection(MonoDevelopProperties) = preSolution
		StartupItem = WkmUtl.csproj
	EndGlobalSection
EndGlobal
